
Microsoft Visual Studio Solution File, Format Version 12.00
# Visual Studio Version 17
VisualStudioVersion = 17.11.35219.272
MinimumVisualStudioVersion = 10.0.40219.1
Project("{9A19103F-16F7-4668-BE54-9A1E7A4F7556}") = "Finance_BackEnd", "Finance_BackEnd\Finance_BackEnd.csproj", "{8A85D0B0-B3D7-4EFC-82DA-B1B616E8CD97}"
EndProject
Project("{FAE04EC0-301F-11D3-BF4B-00C04F79EFBC}") = "Finance_Backend_Tests", "Finance_Backend_Tests\Finance_Backend_Tests.csproj", "{008C9F70-3C06-40BD-9BDC-C4BB4E737DBC}"
EndProject
Global
	GlobalSection(SolutionConfigurationPlatforms) = preSolution
		Debug|Any CPU = Debug|Any CPU
		Release|Any CPU = Release|Any CPU
	EndGlobalSection
	GlobalSection(ProjectConfigurationPlatforms) = postSolution
		{8A85D0B0-B3D7-4EFC-82DA-B1B616E8CD97}.Debug|Any CPU.ActiveCfg = Debug|Any CPU
		{8A85D0B0-B3D7-4EFC-82DA-B1B616E8CD97}.Debug|Any CPU.Build.0 = Debug|Any CPU
		{8A85D0B0-B3D7-4EFC-82DA-B1B616E8CD97}.Release|Any CPU.ActiveCfg = Release|Any CPU
		{8A85D0B0-B3D7-4EFC-82DA-B1B616E8CD97}.Release|Any CPU.Build.0 = Release|Any CPU
		{008C9F70-3C06-40BD-9BDC-C4BB4E737DBC}.Debug|Any CPU.ActiveCfg = Debug|Any CPU
		{008C9F70-3C06-40BD-9BDC-C4BB4E737DBC}.Debug|Any CPU.Build.0 = Debug|Any CPU
		{008C9F70-3C06-40BD-9BDC-C4BB4E737DBC}.Release|Any CPU.ActiveCfg = Release|Any CPU
		{008C9F70-3C06-40BD-9BDC-C4BB4E737DBC}.Release|Any CPU.Build.0 = Release|Any CPU
	EndGlobalSection
	GlobalSection(SolutionProperties) = preSolution
		HideSolutionNode = FALSE
	EndGlobalSection
	GlobalSection(ExtensibilityGlobals) = postSolution
		SolutionGuid = {2E4EC3ED-0E57-4D40-9D4B-43D1AF07F5A8}
	EndGlobalSection
EndGlobal
